
Microsoft Visual Studio Solution File, Format Version 12.00
# Visual Studio Version 16
VisualStudioVersion = 16.0.31424.327
MinimumVisualStudioVersion = 10.0.40219.1
Project("{FAE04EC0-301F-11D3-BF4B-00C04F79EFBC}") = "YeryuzuYazilimcilari", "YeryuzuYazilimcilari\YeryuzuYazilimcilari.csproj", "{69657993-2551-4F24-B9DE-1E1E33004A60}"
EndProject
Global
	GlobalSection(SolutionConfigurationPlatforms) = preSolution
		Debug|Any CPU = Debug|Any CPU
		Release|Any CPU = Release|Any CPU
	EndGlobalSection
	GlobalSection(ProjectConfigurationPlatforms) = postSolution
		{69657993-2551-4F24-B9DE-1E1E33004A60}.Debug|Any CPU.ActiveCfg = Debug|Any CPU
		{69657993-2551-4F24-B9DE-1E1E33004A60}.Debug|Any CPU.Build.0 = Debug|Any CPU
		{69657993-2551-4F24-B9DE-1E1E33004A60}.Release|Any CPU.ActiveCfg = Release|Any CPU
		{69657993-2551-4F24-B9DE-1E1E33004A60}.Release|Any CPU.Build.0 = Release|Any CPU
	EndGlobalSection
	GlobalSection(SolutionProperties) = preSolution
		HideSolutionNode = FALSE
	EndGlobalSection
	GlobalSection(ExtensibilityGlobals) = postSolution
		SolutionGuid = {25C96914-FFA5-4CA4-8508-9D0754916442}
	EndGlobalSection
EndGlobal
